
Microsoft Visual Studio Solution File, Format Version 12.00
# Visual Studio 15
VisualStudioVersion = 15.0.28307.539
MinimumVisualStudioVersion = 10.0.40219.1
Project("{9A19103F-16F7-4668-BE54-9A1E7A4F7556}") = "AspNetCoreInAzureFunctions", "AspNetCoreInAzureFunctions\AspNetCoreInAzureFunctions.csproj", "{62932099-2038-407A-A449-496293258D7B}"
EndProject
Project("{2150E333-8FDC-42A3-9474-1A3956D46DE8}") = "Solution Items", "Solution Items", "{0D7A1A74-9CED-4697-AC1F-5B7B2F346D9B}"
	ProjectSection(SolutionItems) = preProject
		.editorconfig = .editorconfig
		.gitattributes = .gitattributes
		.gitignore = .gitignore
		Common.props = Common.props
		GlobalSuppressions.cs = GlobalSuppressions.cs
		stylecop.json = stylecop.json
		TestsSuppressions.cs = TestsSuppressions.cs
	EndProjectSection
EndProject
Project("{9A19103F-16F7-4668-BE54-9A1E7A4F7556}") = "AspNetCoreInAzureFunctions.Sample", "AspNetCoreInAzureFunctions.Sample\AspNetCoreInAzureFunctions.Sample.csproj", "{D2CAACDB-3983-475A-846A-AF3655011362}"
EndProject
Project("{FAE04EC0-301F-11D3-BF4B-00C04F79EFBC}") = "AspNetCoreInAzureFunctions.Tests", "AspNetCoreInAzureFunctions.Tests\AspNetCoreInAzureFunctions.Tests.csproj", "{2634B73B-1FD8-4C27-85FD-02E819DEE4C2}"
EndProject
Global
	GlobalSection(SolutionConfigurationPlatforms) = preSolution
		Debug|Any CPU = Debug|Any CPU
		Release|Any CPU = Release|Any CPU
	EndGlobalSection
	GlobalSection(ProjectConfigurationPlatforms) = postSolution
		{62932099-2038-407A-A449-496293258D7B}.Debug|Any CPU.ActiveCfg = Debug|Any CPU
		{62932099-2038-407A-A449-496293258D7B}.Debug|Any CPU.Build.0 = Debug|Any CPU
		{62932099-2038-407A-A449-496293258D7B}.Release|Any CPU.ActiveCfg = Release|Any CPU
		{62932099-2038-407A-A449-496293258D7B}.Release|Any CPU.Build.0 = Release|Any CPU
		{D2CAACDB-3983-475A-846A-AF3655011362}.Debug|Any CPU.ActiveCfg = Debug|Any CPU
		{D2CAACDB-3983-475A-846A-AF3655011362}.Debug|Any CPU.Build.0 = Debug|Any CPU
		{D2CAACDB-3983-475A-846A-AF3655011362}.Release|Any CPU.ActiveCfg = Release|Any CPU
		{D2CAACDB-3983-475A-846A-AF3655011362}.Release|Any CPU.Build.0 = Release|Any CPU
		{2634B73B-1FD8-4C27-85FD-02E819DEE4C2}.Debug|Any CPU.ActiveCfg = Debug|Any CPU
		{2634B73B-1FD8-4C27-85FD-02E819DEE4C2}.Debug|Any CPU.Build.0 = Debug|Any CPU
		{2634B73B-1FD8-4C27-85FD-02E819DEE4C2}.Release|Any CPU.ActiveCfg = Release|Any CPU
		{2634B73B-1FD8-4C27-85FD-02E819DEE4C2}.Release|Any CPU.Build.0 = Release|Any CPU
	EndGlobalSection
	GlobalSection(SolutionProperties) = preSolution
		HideSolutionNode = FALSE
	EndGlobalSection
	GlobalSection(ExtensibilityGlobals) = postSolution
		SolutionGuid = {D6E6046B-CBDC-4AB2-B88C-C28FBFC307DC}
	EndGlobalSection
EndGlobal
